Microsoft Visual Studio Solution File, Format Version 12.00
# Visual Studio Version 17
VisualStudioVersion = 17.5.2.0
MinimumVisualStudioVersion = 10.0.40219.1
Project("{FAE04EC0-301F-11D3-BF4B-00C04F79EFBC}") = "Deceive", "Deceive.csproj", "{BB1822EB-D5A2-84C8-025A-45976EEF71C4}"
EndProject
Global
	GlobalSection(SolutionConfigurationPlatforms) = preSolution
		Debug|Any CPU = Debug|Any CPU
		Release|Any CPU = Release|Any CPU
	EndGlobalSection
	GlobalSection(ProjectConfigurationPlatforms) = postSolution
		{BB1822EB-D5A2-84C8-025A-45976EEF71C4}.Debug|Any CPU.ActiveCfg = Debug|Any CPU
		{BB1822EB-D5A2-84C8-025A-45976EEF71C4}.Debug|Any CPU.Build.0 = Debug|Any CPU
		{BB1822EB-D5A2-84C8-025A-45976EEF71C4}.Release|Any CPU.ActiveCfg = Release|Any CPU
		{BB1822EB-D5A2-84C8-025A-45976EEF71C4}.Release|Any CPU.Build.0 = Release|Any CPU
	EndGlobalSection
	GlobalSection(SolutionProperties) = preSolution
		HideSolutionNode = FALSE
	EndGlobalSection
	GlobalSection(ExtensibilityGlobals) = postSolution
		SolutionGuid = {E91C3E99-40EE-48CA-88A5-9363DAA918F9}
	EndGlobalSection
EndGlobal
